
Microsoft Visual Studio Solution File, Format Version 12.00
# Visual Studio Version 16
VisualStudioVersion = 16.0.29403.142
MinimumVisualStudioVersion = 10.0.40219.1
Project("{FAE04EC0-301F-11D3-BF4B-00C04F79EFBC}") = "JekaWebAPI2", "JekaWebAPI2\JekaWebAPI2.csproj", "{9D3AE058-DC5D-46FB-804D-CD294E8CA5CC}"
EndProject
Global
	GlobalSection(SolutionConfigurationPlatforms) = preSolution
		Debug|Any CPU = Debug|Any CPU
		Release|Any CPU = Release|Any CPU
	EndGlobalSection
	GlobalSection(ProjectConfigurationPlatforms) = postSolution
		{9D3AE058-DC5D-46FB-804D-CD294E8CA5CC}.Debug|Any CPU.ActiveCfg = Debug|Any CPU
		{9D3AE058-DC5D-46FB-804D-CD294E8CA5CC}.Debug|Any CPU.Build.0 = Debug|Any CPU
		{9D3AE058-DC5D-46FB-804D-CD294E8CA5CC}.Release|Any CPU.ActiveCfg = Release|Any CPU
		{9D3AE058-DC5D-46FB-804D-CD294E8CA5CC}.Release|Any CPU.Build.0 = Release|Any CPU
	EndGlobalSection
	GlobalSection(SolutionProperties) = preSolution
		HideSolutionNode = FALSE
	EndGlobalSection
	GlobalSection(ExtensibilityGlobals) = postSolution
		SolutionGuid = {91F338E6-0005-4BFB-8072-CBC3DB6B7CF5}
	EndGlobalSection
EndGlobal
